
Microsoft Visual Studio Solution File, Format Version 11.00
# Visual Studio 2010
Project("{FAE04EC0-301F-11D3-BF4B-00C04F79EFBC}") = "ChangeLogCheck", "Assembly-CSharp.csproj", "{10579B17-AE12-D0DC-BC75-ADF48E7B128A}"
EndProject
Global
	GlobalSection(SolutionConfigurationPlatforms) = preSolution
		Debug|Any CPU = Debug|Any CPU
		Release|Any CPU = Release|Any CPU
	EndGlobalSection
	GlobalSection(ProjectConfigurationPlatforms) = postSolution
		{10579B17-AE12-D0DC-BC75-ADF48E7B128A}.Debug|Any CPU.ActiveCfg = Debug|Any CPU
		{10579B17-AE12-D0DC-BC75-ADF48E7B128A}.Debug|Any CPU.Build.0 = Debug|Any CPU
		{10579B17-AE12-D0DC-BC75-ADF48E7B128A}.Release|Any CPU.ActiveCfg = Release|Any CPU
		{10579B17-AE12-D0DC-BC75-ADF48E7B128A}.Release|Any CPU.Build.0 = Release|Any CPU
	EndGlobalSection
	GlobalSection(SolutionProperties) = preSolution
		HideSolutionNode = FALSE
	EndGlobalSection
	GlobalSection(MonoDevelopProperties) = preSolution
		StartupItem = Assembly-CSharp.csproj
	EndGlobalSection
EndGlobal
